
Microsoft Visual Studio Solution File, Format Version 12.00
# Visual Studio 14
VisualStudioVersion = 14.0.25420.1
MinimumVisualStudioVersion = 10.0.40219.1
Project("{8BC9CEB8-8B4A-11D0-8D11-00A0C91BC942}") = "Functional", "Functional\Functional.vcxproj", "{E20CF526-23CF-4386-9436-58B4BA6E0643}"
EndProject
Project("{8BC9CEB8-8B4A-11D0-8D11-00A0C91BC942}") = "Iterator", "Iterator\Iterator.vcxproj", "{05A45093-2D7B-4ECA-B645-BC92B797FE93}"
EndProject
Project("{8BC9CEB8-8B4A-11D0-8D11-00A0C91BC942}") = "Iterator_traits", "Iterator_traits\Iterator_traits.vcxproj", "{1B964F4F-B8E4-4303-8428-B8F2836F3F1B}"
EndProject
Project("{8BC9CEB8-8B4A-11D0-8D11-00A0C91BC942}") = "ContainerAdapter", "ContainerAdapter\ContainerAdapter.vcxproj", "{EFA32E60-1508-4586-B9AF-B016DDA33063}"
EndProject
Global
	GlobalSection(SolutionConfigurationPlatforms) = preSolution
		Debug|x64 = Debug|x64
		Debug|x86 = Debug|x86
		Release|x64 = Release|x64
		Release|x86 = Release|x86
	EndGlobalSection
	GlobalSection(ProjectConfigurationPlatforms) = postSolution
		{E20CF526-23CF-4386-9436-58B4BA6E0643}.Debug|x64.ActiveCfg = Debug|x64
		{E20CF526-23CF-4386-9436-58B4BA6E0643}.Debug|x64.Build.0 = Debug|x64
		{E20CF526-23CF-4386-9436-58B4BA6E0643}.Debug|x86.ActiveCfg = Debug|Win32
		{E20CF526-23CF-4386-9436-58B4BA6E0643}.Debug|x86.Build.0 = Debug|Win32
		{E20CF526-23CF-4386-9436-58B4BA6E0643}.Release|x64.ActiveCfg = Release|x64
		{E20CF526-23CF-4386-9436-58B4BA6E0643}.Release|x64.Build.0 = Release|x64
		{E20CF526-23CF-4386-9436-58B4BA6E0643}.Release|x86.ActiveCfg = Release|Win32
		{E20CF526-23CF-4386-9436-58B4BA6E0643}.Release|x86.Build.0 = Release|Win32
		{05A45093-2D7B-4ECA-B645-BC92B797FE93}.Debug|x64.ActiveCfg = Debug|x64
		{05A45093-2D7B-4ECA-B645-BC92B797FE93}.Debug|x64.Build.0 = Debug|x64
		{05A45093-2D7B-4ECA-B645-BC92B797FE93}.Debug|x86.ActiveCfg = Debug|Win32
		{05A45093-2D7B-4ECA-B645-BC92B797FE93}.Debug|x86.Build.0 = Debug|Win32
		{05A45093-2D7B-4ECA-B645-BC92B797FE93}.Release|x64.ActiveCfg = Release|x64
		{05A45093-2D7B-4ECA-B645-BC92B797FE93}.Release|x64.Build.0 = Release|x64
		{05A45093-2D7B-4ECA-B645-BC92B797FE93}.Release|x86.ActiveCfg = Release|Win32
		{05A45093-2D7B-4ECA-B645-BC92B797FE93}.Release|x86.Build.0 = Release|Win32
		{1B964F4F-B8E4-4303-8428-B8F2836F3F1B}.Debug|x64.ActiveCfg = Debug|x64
		{1B964F4F-B8E4-4303-8428-B8F2836F3F1B}.Debug|x64.Build.0 = Debug|x64
		{1B964F4F-B8E4-4303-8428-B8F2836F3F1B}.Debug|x86.ActiveCfg = Debug|Win32
		{1B964F4F-B8E4-4303-8428-B8F2836F3F1B}.Debug|x86.Build.0 = Debug|Win32
		{1B964F4F-B8E4-4303-8428-B8F2836F3F1B}.Release|x64.ActiveCfg = Release|x64
		{1B964F4F-B8E4-4303-8428-B8F2836F3F1B}.Release|x64.Build.0 = Release|x64
		{1B964F4F-B8E4-4303-8428-B8F2836F3F1B}.Release|x86.ActiveCfg = Release|Win32
		{1B964F4F-B8E4-4303-8428-B8F2836F3F1B}.Release|x86.Build.0 = Release|Win32
		{EFA32E60-1508-4586-B9AF-B016DDA33063}.Debug|x64.ActiveCfg = Debug|x64
		{EFA32E60-1508-4586-B9AF-B016DDA33063}.Debug|x64.Build.0 = Debug|x64
		{EFA32E60-1508-4586-B9AF-B016DDA33063}.Debug|x86.ActiveCfg = Debug|Win32
		{EFA32E60-1508-4586-B9AF-B016DDA33063}.Debug|x86.Build.0 = Debug|Win32
		{EFA32E60-1508-4586-B9AF-B016DDA33063}.Release|x64.ActiveCfg = Release|x64
		{EFA32E60-1508-4586-B9AF-B016DDA33063}.Release|x64.Build.0 = Release|x64
		{EFA32E60-1508-4586-B9AF-B016DDA33063}.Release|x86.ActiveCfg = Release|Win32
		{EFA32E60-1508-4586-B9AF-B016DDA33063}.Release|x86.Build.0 = Release|Win32
	EndGlobalSection
	GlobalSection(SolutionProperties) = preSolution
		HideSolutionNode = FALSE
	EndGlobalSection
	GlobalSection(ExtensibilityGlobals) = postSolution
		SolutionGuid = {4EA51F23-28B0-4C57-BF5F-0453756B6A73}
	EndGlobalSection
EndGlobal
