
Microsoft Visual Studio Solution File, Format Version 12.00
# Visual Studio 15
VisualStudioVersion = 15.0.28307.438
MinimumVisualStudioVersion = 10.0.40219.1
Project("{FAE04EC0-301F-11D3-BF4B-00C04F79EFBC}") = "Event", "Event.csproj", "{0EC71DC6-5064-4F3C-A2EA-2F9CAA70ADD9}"
EndProject
Global
	GlobalSection(SolutionConfigurationPlatforms) = preSolution
		Debug|Any CPU = Debug|Any CPU
		Release|Any CPU = Release|Any CPU
	EndGlobalSection
	GlobalSection(ProjectConfigurationPlatforms) = postSolution
		{0EC71DC6-5064-4F3C-A2EA-2F9CAA70ADD9}.Debug|Any CPU.ActiveCfg = Debug|Any CPU
		{0EC71DC6-5064-4F3C-A2EA-2F9CAA70ADD9}.Debug|Any CPU.Build.0 = Debug|Any CPU
		{0EC71DC6-5064-4F3C-A2EA-2F9CAA70ADD9}.Release|Any CPU.ActiveCfg = Release|Any CPU
		{0EC71DC6-5064-4F3C-A2EA-2F9CAA70ADD9}.Release|Any CPU.Build.0 = Release|Any CPU
	EndGlobalSection
	GlobalSection(SolutionProperties) = preSolution
		HideSolutionNode = FALSE
	EndGlobalSection
	GlobalSection(ExtensibilityGlobals) = postSolution
		SolutionGuid = {110A8994-15DD-45CD-BCC3-C7FF48DF3590}
	EndGlobalSection
EndGlobal
