
Microsoft Visual Studio Solution File, Format Version 11.00
# Visual Studio 2010
Project("{FAE04EC0-301F-11D3-BF4B-00C04F79EFBC}") = "Assembly-CSharp", "Assembly-CSharp.csproj", "{C62420D1-41D1-CEDA-8486-1F95FA019E11}"
EndProject
Project("{FAE04EC0-301F-11D3-BF4B-00C04F79EFBC}") = "Assembly-CSharp-Editor", "Assembly-CSharp-Editor.csproj", "{DC9EE328-69F4-4567-7D38-83FD0FBDF9E6}"
EndProject
Global
	GlobalSection(SolutionConfigurationPlatforms) = preSolution
		Debug|Any CPU = Debug|Any CPU
		Release|Any CPU = Release|Any CPU
	EndGlobalSection
	GlobalSection(ProjectConfigurationPlatforms) = postSolution
		{C62420D1-41D1-CEDA-8486-1F95FA019E11}.Debug|Any CPU.ActiveCfg = Debug|Any CPU
		{C62420D1-41D1-CEDA-8486-1F95FA019E11}.Debug|Any CPU.Build.0 = Debug|Any CPU
		{C62420D1-41D1-CEDA-8486-1F95FA019E11}.Release|Any CPU.ActiveCfg = Release|Any CPU
		{C62420D1-41D1-CEDA-8486-1F95FA019E11}.Release|Any CPU.Build.0 = Release|Any CPU
		{DC9EE328-69F4-4567-7D38-83FD0FBDF9E6}.Debug|Any CPU.ActiveCfg = Debug|Any CPU
		{DC9EE328-69F4-4567-7D38-83FD0FBDF9E6}.Debug|Any CPU.Build.0 = Debug|Any CPU
		{DC9EE328-69F4-4567-7D38-83FD0FBDF9E6}.Release|Any CPU.ActiveCfg = Release|Any CPU
		{DC9EE328-69F4-4567-7D38-83FD0FBDF9E6}.Release|Any CPU.Build.0 = Release|Any CPU
	EndGlobalSection
	GlobalSection(SolutionProperties) = preSolution
		HideSolutionNode = FALSE
	EndGlobalSection
	GlobalSection(MonoDevelopProperties) = preSolution
		StartupItem = Assembly-CSharp.csproj
	EndGlobalSection
EndGlobal
