
Microsoft Visual Studio Solution File, Format Version 12.00
# Visual Studio 15
VisualStudioVersion = 15.0.28307.438
MinimumVisualStudioVersion = 10.0.40219.1
Project("{FAE04EC0-301F-11D3-BF4B-00C04F79EFBC}") = "StringClass", "StringClass.csproj", "{3EBD01EF-4850-4D57-A325-286F025B5FE1}"
EndProject
Global
	GlobalSection(SolutionConfigurationPlatforms) = preSolution
		Debug|Any CPU = Debug|Any CPU
		Release|Any CPU = Release|Any CPU
	EndGlobalSection
	GlobalSection(ProjectConfigurationPlatforms) = postSolution
		{3EBD01EF-4850-4D57-A325-286F025B5FE1}.Debug|Any CPU.ActiveCfg = Debug|Any CPU
		{3EBD01EF-4850-4D57-A325-286F025B5FE1}.Debug|Any CPU.Build.0 = Debug|Any CPU
		{3EBD01EF-4850-4D57-A325-286F025B5FE1}.Release|Any CPU.ActiveCfg = Release|Any CPU
		{3EBD01EF-4850-4D57-A325-286F025B5FE1}.Release|Any CPU.Build.0 = Release|Any CPU
	EndGlobalSection
	GlobalSection(SolutionProperties) = preSolution
		HideSolutionNode = FALSE
	EndGlobalSection
	GlobalSection(ExtensibilityGlobals) = postSolution
		SolutionGuid = {7DFD65F7-12C0-436C-8EDD-D6BCFECFC1D4}
	EndGlobalSection
EndGlobal
